PODS:
  - Alamofire (5.7.1)
  - SkeletonView (1.30.4)
  - ViewAnimator (3.1.0)

DEPENDENCIES:
  - Alamofire
  - SkeletonView
  - ViewAnimator

SPEC REPOS:
  trunk:
    - Alamofire
    - SkeletonView
    - ViewAnimator

SPEC CHECKSUMS:
  Alamofire: 0123a34370cb170936ae79a8df46cc62b2edeb88
  SkeletonView: 5a050f6411e697abd4cda0a8d767013399dccd69
  ViewAnimator: a9ceed80266e00fd435ec4fb99b2df64d580d0e4

PODFILE CHECKSUM: 2c98325ff49057dd47e0d3cbb542b4a6e9c6c0ac

COCOAPODS: 1.12.0
